
Microsoft Visual Studio Solution File, Format Version 12.00
# Visual Studio 15
VisualStudioVersion = 15.0.27703.2047
MinimumVisualStudioVersion = 10.0.40219.1
Project("{FAE04EC0-301F-11D3-BF4B-00C04F79EFBC}") = "CarLotMVC", "CarLotMVC\CarLotMVC.csproj", "{91750818-8E52-4550-A6D3-0A101D37D5E3}"
EndProject
Project("{FAE04EC0-301F-11D3-BF4B-00C04F79EFBC}") = "AutoLotDALEF", "AutoLotDALEF\AutoLotDALEF.csproj", "{BD9FEF98-AFEA-446C-8988-443F87F81146}"
EndProject
Project("{FAE04EC0-301F-11D3-BF4B-00C04F79EFBC}") = "CarLotWebAPI", "CarLotWebAPI\CarLotWebAPI.csproj", "{F09386AD-662A-45A7-A4E8-91F3523D21AA}"
EndProject
Global
	GlobalSection(SolutionConfigurationPlatforms) = preSolution
		Debug|Any CPU = Debug|Any CPU
		Release|Any CPU = Release|Any CPU
	EndGlobalSection
	GlobalSection(ProjectConfigurationPlatforms) = postSolution
		{91750818-8E52-4550-A6D3-0A101D37D5E3}.Debug|Any CPU.ActiveCfg = Debug|Any CPU
		{91750818-8E52-4550-A6D3-0A101D37D5E3}.Debug|Any CPU.Build.0 = Debug|Any CPU
		{91750818-8E52-4550-A6D3-0A101D37D5E3}.Release|Any CPU.ActiveCfg = Release|Any CPU
		{91750818-8E52-4550-A6D3-0A101D37D5E3}.Release|Any CPU.Build.0 = Release|Any CPU
		{BD9FEF98-AFEA-446C-8988-443F87F81146}.Debug|Any CPU.ActiveCfg = Debug|Any CPU
		{BD9FEF98-AFEA-446C-8988-443F87F81146}.Debug|Any CPU.Build.0 = Debug|Any CPU
		{BD9FEF98-AFEA-446C-8988-443F87F81146}.Release|Any CPU.ActiveCfg = Release|Any CPU
		{BD9FEF98-AFEA-446C-8988-443F87F81146}.Release|Any CPU.Build.0 = Release|Any CPU
		{F09386AD-662A-45A7-A4E8-91F3523D21AA}.Debug|Any CPU.ActiveCfg = Debug|Any CPU
		{F09386AD-662A-45A7-A4E8-91F3523D21AA}.Debug|Any CPU.Build.0 = Debug|Any CPU
		{F09386AD-662A-45A7-A4E8-91F3523D21AA}.Release|Any CPU.ActiveCfg = Release|Any CPU
		{F09386AD-662A-45A7-A4E8-91F3523D21AA}.Release|Any CPU.Build.0 = Release|Any CPU
	EndGlobalSection
	GlobalSection(SolutionProperties) = preSolution
		HideSolutionNode = FALSE
	EndGlobalSection
	GlobalSection(ExtensibilityGlobals) = postSolution
		SolutionGuid = {92EFBF87-0624-474F-904B-5FB9FEF29460}
	EndGlobalSection
EndGlobal
